{
  "nodes": {
    "home-manager": {
      "inputs": {
        "nixpkgs": [
          "nixpkgs-unstable"
        ]
      },
      "locked": {
        "lastModified": 1787680808,
        "narHash": "sha256-9168tNt0NZdtlx5RM5huEuc9NCWMLACJA9O4UK/l2Zc=",
        "owner": "nix-community",
        "repo": "home-manager",
        "rev": "6840c9a8f50722944eb106ce8bb237c138584f2a",
        "type": "github"
      },
      "original": {
        "owner": "nix-community",
        "repo": "home-manager",
        "type": "github"
      }
    },
    "mattpocock-skills": {
      "flake": false,
      "locked": {
        "lastModified": 1785933444,
        "narHash": "sha256-cgCSvISAVFAu77341/qfayaJRENcag1rcKAvCKqu9Tk=",
        "owner": "mattpocock",
        "repo": "skills",
        "rev": "2ffb184ffbb752faa664c0b204f3c9241b1428e9",
        "type": "github"
      },
      "original": {
        "owner": "mattpocock",
        "repo": "skills",
        "type": "github"
      }
    },
    "nixpkgs-unstable": {
      "locked": {
        "lastModified": 1787498568,
        "narHash": "sha256-9i/VTdusq/+NM/tz+J1Re+ojkMB8MBf0QshnYfzHz30=",
        "owner": "NixOS",
        "repo": "nixpkgs",
        "rev": "56c02bc00adcf003215cc4bd996d6efaf4cff188",
        "type": "github"
      },
      "original": {
        "owner": "NixOS",
        "ref": "nixos-unstable",
        "repo": "nixpkgs",
        "type": "github"
      }
    },
    "root": {
      "inputs": {
        "home-manager": "home-manager",
        "mattpocock-skills": "mattpocock-skills",
        "nixpkgs-unstable": "nixpkgs-unstable"
      }
    }
  },
  "root": "root",
  "version": 7
}
