{
  "nodes": {
    "home-manager": {
      "inputs": {
        "nixpkgs": [
          "nixpkgs-unstable"
        ]
      },
      "locked": {
        "lastModified": 1785958398,
        "narHash": "sha256-5r/JgsoNMTx+qIh83WkxpujEKBR7PF5ssnh5vYCuSAw=",
        "owner": "nix-community",
        "repo": "home-manager",
        "rev": "a7c70cc290290f373f50cd820403833d250459ac",
        "type": "github"
      },
      "original": {
        "owner": "nix-community",
        "repo": "home-manager",
        "type": "github"
      }
    },
    "mattpocock-skills": {
      "flake": false,
      "locked": {
        "lastModified": 1785933444,
        "narHash": "sha256-cgCSvISAVFAu77341/qfayaJRENcag1rcKAvCKqu9Tk=",
        "owner": "mattpocock",
        "repo": "skills",
        "rev": "2ffb184ffbb752faa664c0b204f3c9241b1428e9",
        "type": "github"
      },
      "original": {
        "owner": "mattpocock",
        "repo": "skills",
        "type": "github"
      }
    },
    "nixpkgs-unstable": {
      "locked": {
        "lastModified": 1785828668,
        "narHash": "sha256-8fsyqeO+mJqvIzeO4xIpgJe/f7MTbbVTEC6RT6WSXNs=",
        "owner": "NixOS",
        "repo": "nixpkgs",
        "rev": "e72e4f299401a3689d4b3d5fc6496b11db7064eb",
        "type": "github"
      },
      "original": {
        "owner": "NixOS",
        "ref": "nixos-unstable",
        "repo": "nixpkgs",
        "type": "github"
      }
    },
    "root": {
      "inputs": {
        "home-manager": "home-manager",
        "mattpocock-skills": "mattpocock-skills",
        "nixpkgs-unstable": "nixpkgs-unstable"
      }
    }
  },
  "root": "root",
  "version": 7
}
